
Microsoft Visual Studio Solution File, Format Version 12.00
# Visual Studio Version 16
VisualStudioVersion = 16.0.31005.135
MinimumVisualStudioVersion = 10.0.40219.1
Project("{9A19103F-16F7-4668-BE54-9A1E7A4F7556}") = "ServerConsole", "ServerConsole\ServerConsole.csproj", "{D1944A1A-7453-45F3-8381-7F0D4C84C841}"
	ProjectSection(ProjectDependencies) = postProject
		{07E93987-6315-4FB5-93B6-BFFB7BCA8CE4} = {07E93987-6315-4FB5-93B6-BFFB7BCA8CE4}
	EndProjectSection
EndProject
Project("{9A19103F-16F7-4668-BE54-9A1E7A4F7556}") = "ClientConsole", "ClientConsole\ClientConsole.csproj", "{8655E8CB-B4F5-4AE1-A48A-36A520EC25A0}"
	ProjectSection(ProjectDependencies) = postProject
		{07E93987-6315-4FB5-93B6-BFFB7BCA8CE4} = {07E93987-6315-4FB5-93B6-BFFB7BCA8CE4}
	EndProjectSection
EndProject
Project("{FAE04EC0-301F-11D3-BF4B-00C04F79EFBC}") = "PlanetBound", "PlanetBound\PlanetBound.csproj", "{07E93987-6315-4FB5-93B6-BFFB7BCA8CE4}"
EndProject
Global
	GlobalSection(SolutionConfigurationPlatforms) = preSolution
		Debug|Any CPU = Debug|Any CPU
		Release|Any CPU = Release|Any CPU
	EndGlobalSection
	GlobalSection(ProjectConfigurationPlatforms) = postSolution
		{D1944A1A-7453-45F3-8381-7F0D4C84C841}.Debug|Any CPU.ActiveCfg = Debug|Any CPU
		{D1944A1A-7453-45F3-8381-7F0D4C84C841}.Debug|Any CPU.Build.0 = Debug|Any CPU
		{D1944A1A-7453-45F3-8381-7F0D4C84C841}.Release|Any CPU.ActiveCfg = Release|Any CPU
		{D1944A1A-7453-45F3-8381-7F0D4C84C841}.Release|Any CPU.Build.0 = Release|Any CPU
		{8655E8CB-B4F5-4AE1-A48A-36A520EC25A0}.Debug|Any CPU.ActiveCfg = Debug|Any CPU
		{8655E8CB-B4F5-4AE1-A48A-36A520EC25A0}.Debug|Any CPU.Build.0 = Debug|Any CPU
		{8655E8CB-B4F5-4AE1-A48A-36A520EC25A0}.Release|Any CPU.ActiveCfg = Release|Any CPU
		{8655E8CB-B4F5-4AE1-A48A-36A520EC25A0}.Release|Any CPU.Build.0 = Release|Any CPU
		{07E93987-6315-4FB5-93B6-BFFB7BCA8CE4}.Debug|Any CPU.ActiveCfg = Debug|Any CPU
		{07E93987-6315-4FB5-93B6-BFFB7BCA8CE4}.Debug|Any CPU.Build.0 = Debug|Any CPU
		{07E93987-6315-4FB5-93B6-BFFB7BCA8CE4}.Release|Any CPU.ActiveCfg = Release|Any CPU
		{07E93987-6315-4FB5-93B6-BFFB7BCA8CE4}.Release|Any CPU.Build.0 = Release|Any CPU
	EndGlobalSection
	GlobalSection(SolutionProperties) = preSolution
		HideSolutionNode = FALSE
	EndGlobalSection
	GlobalSection(ExtensibilityGlobals) = postSolution
		SolutionGuid = {36E297E2-1B33-43A2-BB4C-65D447C0A99F}
	EndGlobalSection
EndGlobal
